// !$*UTF8*$!
{
	archiveVersion = 1;
	classes = {
	};
	objectVersion = 56;
	objects = {

/* Begin PBXBuildFile section */
		D845E08B2C4E5F5E00F3D071 /* Constant.swift in Sources */ = {isa = PBXBuildFile; fileRef = D845E08A2C4E5F5E00F3D071 /* Constant.swift */; };
		D845E08E2C4E5FC800F3D071 /* DebugPrint.swift in Sources */ = {isa = PBXBuildFile; fileRef = D845E08D2C4E5FC800F3D071 /* DebugPrint.swift */; };
		D845E0B82C4E6C6E00F3D071 /* NoteList.swift in Sources */ = {isa = PBXBuildFile; fileRef = D845E0A52C4E6C6D00F3D071 /* NoteList.swift */; };
		D845E0B92C4E6C6E00F3D071 /* NoteListUseCase.swift in Sources */ = {isa = PBXBuildFile; fileRef = D845E0A72C4E6C6D00F3D071 /* NoteListUseCase.swift */; };
		D845E0BA2C4E6C6E00F3D071 /* NoteListCoordinator.swift in Sources */ = {isa = PBXBuildFile; fileRef = D845E0A92C4E6C6D00F3D071 /* NoteListCoordinator.swift */; };
		D845E0BB2C4E6C6E00F3D071 /* NoteListViewModel.swift in Sources */ = {isa = PBXBuildFile; fileRef = D845E0AC2C4E6C6D00F3D071 /* NoteListViewModel.swift */; };
		D845E0BC2C4E6C6E00F3D071 /* NoteListViewController.swift in Sources */ = {isa = PBXBuildFile; fileRef = D845E0AE2C4E6C6D00F3D071 /* NoteListViewController.swift */; };
		D845E0BD2C4E6C6E00F3D071 /* NoteListRepository.swift in Sources */ = {isa = PBXBuildFile; fileRef = D845E0B12C4E6C6D00F3D071 /* NoteListRepository.swift */; };
		D845E0BE2C4E6C6E00F3D071 /* NoteListResponseDTO.swift in Sources */ = {isa = PBXBuildFile; fileRef = D845E0B42C4E6C6D00F3D071 /* NoteListResponseDTO.swift */; };
		D845E0BF2C4E6C6E00F3D071 /* NoteListRequestDTO.swift in Sources */ = {isa = PBXBuildFile; fileRef = D845E0B52C4E6C6D00F3D071 /* NoteListRequestDTO.swift */; };
		D845E0C02C4E6C6E00F3D071 /* NoteListService.swift in Sources */ = {isa = PBXBuildFile; fileRef = D845E0B72C4E6C6D00F3D071 /* NoteListService.swift */; };
		D8CC4E1F2C29194A006F6D43 /* MVVM_Combine_SwiftUIApp.swift in Sources */ = {isa = PBXBuildFile; fileRef = D8CC4E1E2C29194A006F6D43 /* MVVM_Combine_SwiftUIApp.swift */; };
		D8CC4E212C29194A006F6D43 /* ContentView.swift in Sources */ = {isa = PBXBuildFile; fileRef = D8CC4E202C29194A006F6D43 /* ContentView.swift */; };
		D8CC4E232C29194D006F6D43 /* Assets.xcassets in Resources */ = {isa = PBXBuildFile; fileRef = D8CC4E222C29194D006F6D43 /* Assets.xcassets */; };
		D8CC4E262C29194D006F6D43 /* Preview Assets.xcassets in Resources */ = {isa = PBXBuildFile; fileRef = D8CC4E252C29194D006F6D43 /* Preview Assets.xcassets */; };
		D8CC4E2F2C291A83006F6D43 /* NetworkManager.swift in Sources */ = {isa = PBXBuildFile; fileRef = D8CC4E2E2C291A83006F6D43 /* NetworkManager.swift */; };
		D8CC4E312C291B98006F6D43 /* URLSession+Ext.swift in Sources */ = {isa = PBXBuildFile; fileRef = D8CC4E302C291B98006F6D43 /* URLSession+Ext.swift */; };
		D8CC4E332C291D2D006F6D43 /* CodableManager.swift in Sources */ = {isa = PBXBuildFile; fileRef = D8CC4E322C291D2D006F6D43 /* CodableManager.swift */; };
/* End PBXBuildFile section */

/* Begin PBXFileReference section */
		D845E08A2C4E5F5E00F3D071 /* Constant.swift */ = {isa = PBXFileReference; lastKnownFileType = sourcecode.swift; path = Constant.swift; sourceTree = "<group>"; };
		D845E08D2C4E5FC800F3D071 /* DebugPrint.swift */ = {isa = PBXFileReference; lastKnownFileType = sourcecode.swift; path = DebugPrint.swift; sourceTree = "<group>"; };
		D845E0A52C4E6C6D00F3D071 /* NoteList.swift */ = {isa = PBXFileReference; fileEncoding = 4; lastKnownFileType = sourcecode.swift; path = NoteList.swift; sourceTree = "<group>"; };
		D845E0A72C4E6C6D00F3D071 /* NoteListUseCase.swift */ = {isa = PBXFileReference; fileEncoding = 4; lastKnownFileType = sourcecode.swift; path = NoteListUseCase.swift; sourceTree = "<group>"; };
		D845E0A92C4E6C6D00F3D071 /* NoteListCoordinator.swift */ = {isa = PBXFileReference; fileEncoding = 4; lastKnownFileType = sourcecode.swift; path = NoteListCoordinator.swift; sourceTree = "<group>"; };
		D845E0AC2C4E6C6D00F3D071 /* NoteListViewModel.swift */ = {isa = PBXFileReference; fileEncoding = 4; lastKnownFileType = sourcecode.swift; path = NoteListViewModel.swift; sourceTree = "<group>"; };
		D845E0AE2C4E6C6D00F3D071 /* NoteListViewController.swift */ = {isa = PBXFileReference; fileEncoding = 4; lastKnownFileType = sourcecode.swift; path = NoteListViewController.swift; sourceTree = "<group>"; };
		D845E0B12C4E6C6D00F3D071 /* NoteListRepository.swift */ = {isa = PBXFileReference; fileEncoding = 4; lastKnownFileType = sourcecode.swift; path = NoteListRepository.swift; sourceTree = "<group>"; };
		D845E0B42C4E6C6D00F3D071 /* NoteListResponseDTO.swift */ = {isa = PBXFileReference; fileEncoding = 4; lastKnownFileType = sourcecode.swift; path = NoteListResponseDTO.swift; sourceTree = "<group>"; };
		D845E0B52C4E6C6D00F3D071 /* NoteListRequestDTO.swift */ = {isa = PBXFileReference; fileEncoding = 4; lastKnownFileType = sourcecode.swift; path = NoteListRequestDTO.swift; sourceTree = "<group>"; };
		D845E0B72C4E6C6D00F3D071 /* NoteListService.swift */ = {isa = PBXFileReference; fileEncoding = 4; lastKnownFileType = sourcecode.swift; path = NoteListService.swift; sourceTree = "<group>"; };
		D8CC4E1B2C29194A006F6D43 /* MVVM-Combine-SwiftUI.app */ = {isa = PBXFileReference; explicitFileType = wrapper.application; includeInIndex = 0; path = "MVVM-Combine-SwiftUI.app"; sourceTree = BUILT_PRODUCTS_DIR; };
		D8CC4E1E2C29194A006F6D43 /* MVVM_Combine_SwiftUIApp.swift */ = {isa = PBXFileReference; lastKnownFileType = sourcecode.swift; path = MVVM_Combine_SwiftUIApp.swift; sourceTree = "<group>"; };
		D8CC4E202C29194A006F6D43 /* ContentView.swift */ = {isa = PBXFileReference; lastKnownFileType = sourcecode.swift; path = ContentView.swift; sourceTree = "<group>"; };
		D8CC4E222C29194D006F6D43 /* Assets.xcassets */ = {isa = PBXFileReference; lastKnownFileType = folder.assetcatalog; path = Assets.xcassets; sourceTree = "<group>"; };
		D8CC4E252C29194D006F6D43 /* Preview Assets.xcassets */ = {isa = PBXFileReference; lastKnownFileType = folder.assetcatalog; path = "Preview Assets.xcassets"; sourceTree = "<group>"; };
		D8CC4E2E2C291A83006F6D43 /* NetworkManager.swift */ = {isa = PBXFileReference; lastKnownFileType = sourcecode.swift; path = NetworkManager.swift; sourceTree = "<group>"; };
		D8CC4E302C291B98006F6D43 /* URLSession+Ext.swift */ = {isa = PBXFileReference; lastKnownFileType = sourcecode.swift; path = "URLSession+Ext.swift"; sourceTree = "<group>"; };
		D8CC4E322C291D2D006F6D43 /* CodableManager.swift */ = {isa = PBXFileReference; lastKnownFileType = sourcecode.swift; path = CodableManager.swift; sourceTree = "<group>"; };
/* End PBXFileReference section */

/* Begin PBXFrameworksBuildPhase section */
		D8CC4E182C29194A006F6D43 /* Frameworks */ = {
			isa = PBXFrameworksBuildPhase;
			buildActionMask = 2147483647;
			files = (
			);
			runOnlyForDeploymentPostprocessing = 0;
		};
/* End PBXFrameworksBuildPhase section */

/* Begin PBXGroup section */
		D845E0872C4E5E1300F3D071 /* Modules */ = {
			isa = PBXGroup;
			children = (
				D845E0A22C4E6A4B00F3D071 /* NoteList */,
			);
			path = Modules;
			sourceTree = "<group>";
		};
		D845E0892C4E5F4000F3D071 /* Constants */ = {
			isa = PBXGroup;
			children = (
				D845E08A2C4E5F5E00F3D071 /* Constant.swift */,
			);
			path = Constants;
			sourceTree = "<group>";
		};
		D845E08C2C4E5FBC00F3D071 /* Helpers */ = {
			isa = PBXGroup;
			children = (
				D845E08D2C4E5FC800F3D071 /* DebugPrint.swift */,
			);
			path = Helpers;
			sourceTree = "<group>";
		};
		D845E0A22C4E6A4B00F3D071 /* NoteList */ = {
			isa = PBXGroup;
			children = (
				D845E0A82C4E6C6D00F3D071 /* Coordinator */,
				D845E0AF2C4E6C6D00F3D071 /* Data */,
				D845E0A32C4E6C6D00F3D071 /* Domain */,
				D845E0AA2C4E6C6D00F3D071 /* Scene */,
			);
			path = NoteList;
			sourceTree = "<group>";
		};
		D845E0A32C4E6C6D00F3D071 /* Domain */ = {
			isa = PBXGroup;
			children = (
				D845E0A42C4E6C6D00F3D071 /* Entity */,
				D845E0A62C4E6C6D00F3D071 /* UseCase */,
			);
			path = Domain;
			sourceTree = "<group>";
		};
		D845E0A42C4E6C6D00F3D071 /* Entity */ = {
			isa = PBXGroup;
			children = (
				D845E0A52C4E6C6D00F3D071 /* NoteList.swift */,
			);
			path = Entity;
			sourceTree = "<group>";
		};
		D845E0A62C4E6C6D00F3D071 /* UseCase */ = {
			isa = PBXGroup;
			children = (
				D845E0A72C4E6C6D00F3D071 /* NoteListUseCase.swift */,
			);
			path = UseCase;
			sourceTree = "<group>";
		};
		D845E0A82C4E6C6D00F3D071 /* Coordinator */ = {
			isa = PBXGroup;
			children = (
				D845E0A92C4E6C6D00F3D071 /* NoteListCoordinator.swift */,
			);
			path = Coordinator;
			sourceTree = "<group>";
		};
		D845E0AA2C4E6C6D00F3D071 /* Scene */ = {
			isa = PBXGroup;
			children = (
				D845E0AB2C4E6C6D00F3D071 /* ViewModel */,
				D845E0AD2C4E6C6D00F3D071 /* View */,
			);
			path = Scene;
			sourceTree = "<group>";
		};
		D845E0AB2C4E6C6D00F3D071 /* ViewModel */ = {
			isa = PBXGroup;
			children = (
				D845E0AC2C4E6C6D00F3D071 /* NoteListViewModel.swift */,
			);
			path = ViewModel;
			sourceTree = "<group>";
		};
		D845E0AD2C4E6C6D00F3D071 /* View */ = {
			isa = PBXGroup;
			children = (
				D845E0AE2C4E6C6D00F3D071 /* NoteListViewController.swift */,
			);
			path = View;
			sourceTree = "<group>";
		};
		D845E0AF2C4E6C6D00F3D071 /* Data */ = {
			isa = PBXGroup;
			children = (
				D845E0B02C4E6C6D00F3D071 /* Repository */,
				D845E0B22C4E6C6D00F3D071 /* Networking */,
			);
			path = Data;
			sourceTree = "<group>";
		};
		D845E0B02C4E6C6D00F3D071 /* Repository */ = {
			isa = PBXGroup;
			children = (
				D845E0B12C4E6C6D00F3D071 /* NoteListRepository.swift */,
			);
			path = Repository;
			sourceTree = "<group>";
		};
		D845E0B22C4E6C6D00F3D071 /* Networking */ = {
			isa = PBXGroup;
			children = (
				D845E0B32C4E6C6D00F3D071 /* DTO */,
				D845E0B62C4E6C6D00F3D071 /* Service */,
			);
			path = Networking;
			sourceTree = "<group>";
		};
		D845E0B32C4E6C6D00F3D071 /* DTO */ = {
			isa = PBXGroup;
			children = (
				D845E0B42C4E6C6D00F3D071 /* NoteListResponseDTO.swift */,
				D845E0B52C4E6C6D00F3D071 /* NoteListRequestDTO.swift */,
			);
			path = DTO;
			sourceTree = "<group>";
		};
		D845E0B62C4E6C6D00F3D071 /* Service */ = {
			isa = PBXGroup;
			children = (
				D845E0B72C4E6C6D00F3D071 /* NoteListService.swift */,
			);
			path = Service;
			sourceTree = "<group>";
		};
		D8CC4E122C29194A006F6D43 = {
			isa = PBXGroup;
			children = (
				D8CC4E1D2C29194A006F6D43 /* MVVM-Combine-SwiftUI */,
				D8CC4E1C2C29194A006F6D43 /* Products */,
			);
			sourceTree = "<group>";
		};
		D8CC4E1C2C29194A006F6D43 /* Products */ = {
			isa = PBXGroup;
			children = (
				D8CC4E1B2C29194A006F6D43 /* MVVM-Combine-SwiftUI.app */,
			);
			name = Products;
			sourceTree = "<group>";
		};
		D8CC4E1D2C29194A006F6D43 /* MVVM-Combine-SwiftUI */ = {
			isa = PBXGroup;
			children = (
				D845E08C2C4E5FBC00F3D071 /* Helpers */,
				D845E0892C4E5F4000F3D071 /* Constants */,
				D845E0872C4E5E1300F3D071 /* Modules */,
				D8CC4E2C2C291972006F6D43 /* Infrastructure */,
				D8CC4E1E2C29194A006F6D43 /* MVVM_Combine_SwiftUIApp.swift */,
				D8CC4E202C29194A006F6D43 /* ContentView.swift */,
				D8CC4E222C29194D006F6D43 /* Assets.xcassets */,
				D8CC4E242C29194D006F6D43 /* Preview Content */,
			);
			path = "MVVM-Combine-SwiftUI";
			sourceTree = "<group>";
		};
		D8CC4E242C29194D006F6D43 /* Preview Content */ = {
			isa = PBXGroup;
			children = (
				D8CC4E252C29194D006F6D43 /* Preview Assets.xcassets */,
			);
			path = "Preview Content";
			sourceTree = "<group>";
		};
		D8CC4E2C2C291972006F6D43 /* Infrastructure */ = {
			isa = PBXGroup;
			children = (
				D8CC4E2D2C291A44006F6D43 /* Networking */,
			);
			path = Infrastructure;
			sourceTree = "<group>";
		};
		D8CC4E2D2C291A44006F6D43 /* Networking */ = {
			isa = PBXGroup;
			children = (
				D8CC4E2E2C291A83006F6D43 /* NetworkManager.swift */,
				D8CC4E302C291B98006F6D43 /* URLSession+Ext.swift */,
				D8CC4E322C291D2D006F6D43 /* CodableManager.swift */,
			);
			path = Networking;
			sourceTree = "<group>";
		};
/* End PBXGroup section */

/* Begin PBXNativeTarget section */
		D8CC4E1A2C29194A006F6D43 /* MVVM-Combine-SwiftUI */ = {
			isa = PBXNativeTarget;
			buildConfigurationList = D8CC4E292C29194D006F6D43 /* Build configuration list for PBXNativeTarget "MVVM-Combine-SwiftUI" */;
			buildPhases = (
				D8CC4E172C29194A006F6D43 /* Sources */,
				D8CC4E182C29194A006F6D43 /* Frameworks */,
				D8CC4E192C29194A006F6D43 /* Resources */,
			);
			buildRules = (
			);
			dependencies = (
			);
			name = "MVVM-Combine-SwiftUI";
			productName = "MVVM-Combine-SwiftUI";
			productReference = D8CC4E1B2C29194A006F6D43 /* MVVM-Combine-SwiftUI.app */;
			productType = "com.apple.product-type.application";
		};
/* End PBXNativeTarget section */

/* Begin PBXProject section */
		D8CC4E132C29194A006F6D43 /* Project object */ = {
			isa = PBXProject;
			attributes = {
				BuildIndependentTargetsInParallel = 1;
				LastSwiftUpdateCheck = 1510;
				LastUpgradeCheck = 1510;
				TargetAttributes = {
					D8CC4E1A2C29194A006F6D43 = {
						CreatedOnToolsVersion = 15.1;
					};
				};
			};
			buildConfigurationList = D8CC4E162C29194A006F6D43 /* Build configuration list for PBXProject "MVVM-Combine-SwiftUI" */;
			compatibilityVersion = "Xcode 14.0";
			developmentRegion = en;
			hasScannedForEncodings = 0;
			knownRegions = (
				en,
				Base,
			);
			mainGroup = D8CC4E122C29194A006F6D43;
			productRefGroup = D8CC4E1C2C29194A006F6D43 /* Products */;
			projectDirPath = "";
			projectRoot = "";
			targets = (
				D8CC4E1A2C29194A006F6D43 /* MVVM-Combine-SwiftUI */,
			);
		};
/* End PBXProject section */

/* Begin PBXResourcesBuildPhase section */
		D8CC4E192C29194A006F6D43 /* Resources */ = {
			isa = PBXResourcesBuildPhase;
			buildActionMask = 2147483647;
			files = (
				D8CC4E262C29194D006F6D43 /* Preview Assets.xcassets in Resources */,
				D8CC4E232C29194D006F6D43 /* Assets.xcassets in Resources */,
			);
			runOnlyForDeploymentPostprocessing = 0;
		};
/* End PBXResourcesBuildPhase section */

/* Begin PBXSourcesBuildPhase section */
		D8CC4E172C29194A006F6D43 /* Sources */ = {
			isa = PBXSourcesBuildPhase;
			buildActionMask = 2147483647;
			files = (
				D8CC4E2F2C291A83006F6D43 /* NetworkManager.swift in Sources */,
				D845E08E2C4E5FC800F3D071 /* DebugPrint.swift in Sources */,
				D845E0BD2C4E6C6E00F3D071 /* NoteListRepository.swift in Sources */,
				D845E0C02C4E6C6E00F3D071 /* NoteListService.swift in Sources */,
				D845E0BA2C4E6C6E00F3D071 /* NoteListCoordinator.swift in Sources */,
				D8CC4E212C29194A006F6D43 /* ContentView.swift in Sources */,
				D845E0B82C4E6C6E00F3D071 /* NoteList.swift in Sources */,
				D8CC4E312C291B98006F6D43 /* URLSession+Ext.swift in Sources */,
				D845E0B92C4E6C6E00F3D071 /* NoteListUseCase.swift in Sources */,
				D8CC4E1F2C29194A006F6D43 /* MVVM_Combine_SwiftUIApp.swift in Sources */,
				D845E0BF2C4E6C6E00F3D071 /* NoteListRequestDTO.swift in Sources */,
				D845E0BC2C4E6C6E00F3D071 /* NoteListViewController.swift in Sources */,
				D845E0BE2C4E6C6E00F3D071 /* NoteListResponseDTO.swift in Sources */,
				D8CC4E332C291D2D006F6D43 /* CodableManager.swift in Sources */,
				D845E0BB2C4E6C6E00F3D071 /* NoteListViewModel.swift in Sources */,
				D845E08B2C4E5F5E00F3D071 /* Constant.swift in Sources */,
			);
			runOnlyForDeploymentPostprocessing = 0;
		};
/* End PBXSourcesBuildPhase section */

/* Begin XCBuildConfiguration section */
		D8CC4E272C29194D006F6D43 /* Debug */ = {
			isa = XCBuildConfiguration;
			buildSettings = {
				ALWAYS_SEARCH_USER_PATHS = NO;
				ASSETCATALOG_COMPILER_GENERATE_SWIFT_ASSET_SYMBOL_EXTENSIONS = YES;
				CLANG_ANALYZER_NONNULL = YES;
				CLANG_ANALYZER_NUMBER_OBJECT_CONVERSION = YES_AGGRESSIVE;
				CLANG_CXX_LANGUAGE_STANDARD = "gnu++20";
				CLANG_ENABLE_MODULES = YES;
				CLANG_ENABLE_OBJC_ARC = YES;
				CLANG_ENABLE_OBJC_WEAK = YES;
				CLANG_WARN_BLOCK_CAPTURE_AUTORELEASING = YES;
				CLANG_WARN_BOOL_CONVERSION = YES;
				CLANG_WARN_COMMA = YES;
				CLANG_WARN_CONSTANT_CONVERSION = YES;
				CLANG_WARN_DEPRECATED_OBJC_IMPLEMENTATIONS = YES;
				CLANG_WARN_DIRECT_OBJC_ISA_USAGE = YES_ERROR;
				CLANG_WARN_DOCUMENTATION_COMMENTS = YES;
				CLANG_WARN_EMPTY_BODY = YES;
				CLANG_WARN_ENUM_CONVERSION = YES;
				CLANG_WARN_INFINITE_RECURSION = YES;
				CLANG_WARN_INT_CONVERSION = YES;
				CLANG_WARN_NON_LITERAL_NULL_CONVERSION = YES;
				CLANG_WARN_OBJC_IMPLICIT_RETAIN_SELF = YES;
				CLANG_WARN_OBJC_LITERAL_CONVERSION = YES;
				CLANG_WARN_OBJC_ROOT_CLASS = YES_ERROR;
				CLANG_WARN_QUOTED_INCLUDE_IN_FRAMEWORK_HEADER = YES;
				CLANG_WARN_RANGE_LOOP_ANALYSIS = YES;
				CLANG_WARN_STRICT_PROTOTYPES = YES;
				CLANG_WARN_SUSPICIOUS_MOVE = YES;
				CLANG_WARN_UNGUARDED_AVAILABILITY = YES_AGGRESSIVE;
				CLANG_WARN_UNREACHABLE_CODE = YES;
				CLANG_WARN__DUPLICATE_METHOD_MATCH = YES;
				COPY_PHASE_STRIP = NO;
				DEBUG_INFORMATION_FORMAT = dwarf;
				ENABLE_STRICT_OBJC_MSGSEND = YES;
				ENABLE_TESTABILITY = YES;
				ENABLE_USER_SCRIPT_SANDBOXING = YES;
				GCC_C_LANGUAGE_STANDARD = gnu17;
				GCC_DYNAMIC_NO_PIC = NO;
				GCC_NO_COMMON_BLOCKS = YES;
				GCC_OPTIMIZATION_LEVEL = 0;
				GCC_PREPROCESSOR_DEFINITIONS = (
					"DEBUG=1",
					"$(inherited)",
				);
				GCC_WARN_64_TO_32_BIT_CONVERSION = YES;
				GCC_WARN_ABOUT_RETURN_TYPE = YES_ERROR;
				GCC_WARN_UNDECLARED_SELECTOR = YES;
				GCC_WARN_UNINITIALIZED_AUTOS = YES_AGGRESSIVE;
				GCC_WARN_UNUSED_FUNCTION = YES;
				GCC_WARN_UNUSED_VARIABLE = YES;
				IPHONEOS_DEPLOYMENT_TARGET = 17.2;
				LOCALIZATION_PREFERS_STRING_CATALOGS = YES;
				MTL_ENABLE_DEBUG_INFO = INCLUDE_SOURCE;
				MTL_FAST_MATH = YES;
				ONLY_ACTIVE_ARCH = YES;
				SDKROOT = iphoneos;
				SWIFT_ACTIVE_COMPILATION_CONDITIONS = "DEBUG $(inherited)";
				SWIFT_OPTIMIZATION_LEVEL = "-Onone";
			};
			name = Debug;
		};
		D8CC4E282C29194D006F6D43 /* Release */ = {
			isa = XCBuildConfiguration;
			buildSettings = {
				ALWAYS_SEARCH_USER_PATHS = NO;
				ASSETCATALOG_COMPILER_GENERATE_SWIFT_ASSET_SYMBOL_EXTENSIONS = YES;
				CLANG_ANALYZER_NONNULL = YES;
				CLANG_ANALYZER_NUMBER_OBJECT_CONVERSION = YES_AGGRESSIVE;
				CLANG_CXX_LANGUAGE_STANDARD = "gnu++20";
				CLANG_ENABLE_MODULES = YES;
				CLANG_ENABLE_OBJC_ARC = YES;
				CLANG_ENABLE_OBJC_WEAK = YES;
				CLANG_WARN_BLOCK_CAPTURE_AUTORELEASING = YES;
				CLANG_WARN_BOOL_CONVERSION = YES;
				CLANG_WARN_COMMA = YES;
				CLANG_WARN_CONSTANT_CONVERSION = YES;
				CLANG_WARN_DEPRECATED_OBJC_IMPLEMENTATIONS = YES;
				CLANG_WARN_DIRECT_OBJC_ISA_USAGE = YES_ERROR;
				CLANG_WARN_DOCUMENTATION_COMMENTS = YES;
				CLANG_WARN_EMPTY_BODY = YES;
				CLANG_WARN_ENUM_CONVERSION = YES;
				CLANG_WARN_INFINITE_RECURSION = YES;
				CLANG_WARN_INT_CONVERSION = YES;
				CLANG_WARN_NON_LITERAL_NULL_CONVERSION = YES;
				CLANG_WARN_OBJC_IMPLICIT_RETAIN_SELF = YES;
				CLANG_WARN_OBJC_LITERAL_CONVERSION = YES;
				CLANG_WARN_OBJC_ROOT_CLASS = YES_ERROR;
				CLANG_WARN_QUOTED_INCLUDE_IN_FRAMEWORK_HEADER = YES;
				CLANG_WARN_RANGE_LOOP_ANALYSIS = YES;
				CLANG_WARN_STRICT_PROTOTYPES = YES;
				CLANG_WARN_SUSPICIOUS_MOVE = YES;
				CLANG_WARN_UNGUARDED_AVAILABILITY = YES_AGGRESSIVE;
				CLANG_WARN_UNREACHABLE_CODE = YES;
				CLANG_WARN__DUPLICATE_METHOD_MATCH = YES;
				COPY_PHASE_STRIP = NO;
				DEBUG_INFORMATION_FORMAT = "dwarf-with-dsym";
				ENABLE_NS_ASSERTIONS = NO;
				ENABLE_STRICT_OBJC_MSGSEND = YES;
				ENABLE_USER_SCRIPT_SANDBOXING = YES;
				GCC_C_LANGUAGE_STANDARD = gnu17;
				GCC_NO_COMMON_BLOCKS = YES;
				GCC_WARN_64_TO_32_BIT_CONVERSION = YES;
				GCC_WARN_ABOUT_RETURN_TYPE = YES_ERROR;
				GCC_WARN_UNDECLARED_SELECTOR = YES;
				GCC_WARN_UNINITIALIZED_AUTOS = YES_AGGRESSIVE;
				GCC_WARN_UNUSED_FUNCTION = YES;
				GCC_WARN_UNUSED_VARIABLE = YES;
				IPHONEOS_DEPLOYMENT_TARGET = 17.2;
				LOCALIZATION_PREFERS_STRING_CATALOGS = YES;
				MTL_ENABLE_DEBUG_INFO = NO;
				MTL_FAST_MATH = YES;
				SDKROOT = iphoneos;
				SWIFT_COMPILATION_MODE = wholemodule;
				VALIDATE_PRODUCT = YES;
			};
			name = Release;
		};
		D8CC4E2A2C29194D006F6D43 /* Debug */ = {
			isa = XCBuildConfiguration;
			buildSettings = {
				ASSETCATALOG_COMPILER_APPICON_NAME = AppIcon;
				ASSETCATALOG_COMPILER_GLOBAL_ACCENT_COLOR_NAME = AccentColor;
				CODE_SIGN_STYLE = Automatic;
				CURRENT_PROJECT_VERSION = 1;
				DEVELOPMENT_ASSET_PATHS = "\"MVVM-Combine-SwiftUI/Preview Content\"";
				DEVELOPMENT_TEAM = PWC92C5B75;
				ENABLE_PREVIEWS = YES;
				GENERATE_INFOPLIST_FILE = YES;
				INFOPLIST_KEY_UIApplicationSceneManifest_Generation = YES;
				INFOPLIST_KEY_UIApplicationSupportsIndirectInputEvents = YES;
				INFOPLIST_KEY_UILaunchScreen_Generation = YES;
				INFOPLIST_KEY_UISupportedInterfaceOrientations_iPad = "UIInterfaceOrientationPortrait UIInterfaceOrientationPortraitUpsideDown UIInterfaceOrientationLandscapeLeft UIInterfaceOrientationLandscapeRight";
				INFOPLIST_KEY_UISupportedInterfaceOrientations_iPhone = "UIInterfaceOrientationPortrait UIInterfaceOrientationLandscapeLeft UIInterfaceOrientationLandscapeRight";
				LD_RUNPATH_SEARCH_PATHS = (
					"$(inherited)",
					"@executable_path/Frameworks",
				);
				MARKETING_VERSION = 1.0;
				PRODUCT_BUNDLE_IDENTIFIER = "com.gilangsinawang.MVVM-Combine-SwiftUI";
				PRODUCT_NAME = "$(TARGET_NAME)";
				SWIFT_EMIT_LOC_STRINGS = YES;
				SWIFT_VERSION = 5.0;
				TARGETED_DEVICE_FAMILY = "1,2";
			};
			name = Debug;
		};
		D8CC4E2B2C29194D006F6D43 /* Release */ = {
			isa = XCBuildConfiguration;
			buildSettings = {
				ASSETCATALOG_COMPILER_APPICON_NAME = AppIcon;
				ASSETCATALOG_COMPILER_GLOBAL_ACCENT_COLOR_NAME = AccentColor;
				CODE_SIGN_STYLE = Automatic;
				CURRENT_PROJECT_VERSION = 1;
				DEVELOPMENT_ASSET_PATHS = "\"MVVM-Combine-SwiftUI/Preview Content\"";
				DEVELOPMENT_TEAM = PWC92C5B75;
				ENABLE_PREVIEWS = YES;
				GENERATE_INFOPLIST_FILE = YES;
				INFOPLIST_KEY_UIApplicationSceneManifest_Generation = YES;
				INFOPLIST_KEY_UIApplicationSupportsIndirectInputEvents = YES;
				INFOPLIST_KEY_UILaunchScreen_Generation = YES;
				INFOPLIST_KEY_UISupportedInterfaceOrientations_iPad = "UIInterfaceOrientationPortrait UIInterfaceOrientationPortraitUpsideDown UIInterfaceOrientationLandscapeLeft UIInterfaceOrientationLandscapeRight";
				INFOPLIST_KEY_UISupportedInterfaceOrientations_iPhone = "UIInterfaceOrientationPortrait UIInterfaceOrientationLandscapeLeft UIInterfaceOrientationLandscapeRight";
				LD_RUNPATH_SEARCH_PATHS = (
					"$(inherited)",
					"@executable_path/Frameworks",
				);
				MARKETING_VERSION = 1.0;
				PRODUCT_BUNDLE_IDENTIFIER = "com.gilangsinawang.MVVM-Combine-SwiftUI";
				PRODUCT_NAME = "$(TARGET_NAME)";
				SWIFT_EMIT_LOC_STRINGS = YES;
				SWIFT_VERSION = 5.0;
				TARGETED_DEVICE_FAMILY = "1,2";
			};
			name = Release;
		};
/* End XCBuildConfiguration section */

/* Begin XCConfigurationList section */
		D8CC4E162C29194A006F6D43 /* Build configuration list for PBXProject "MVVM-Combine-SwiftUI" */ = {
			isa = XCConfigurationList;
			buildConfigurations = (
				D8CC4E272C29194D006F6D43 /* Debug */,
				D8CC4E282C29194D006F6D43 /* Release */,
			);
			defaultConfigurationIsVisible = 0;
			defaultConfigurationName = Release;
		};
		D8CC4E292C29194D006F6D43 /* Build configuration list for PBXNativeTarget "MVVM-Combine-SwiftUI" */ = {
			isa = XCConfigurationList;
			buildConfigurations = (
				D8CC4E2A2C29194D006F6D43 /* Debug */,
				D8CC4E2B2C29194D006F6D43 /* Release */,
			);
			defaultConfigurationIsVisible = 0;
			defaultConfigurationName = Release;
		};
/* End XCConfigurationList section */
	};
	rootObject = D8CC4E132C29194A006F6D43 /* Project object */;
}
